
Microsoft Visual Studio Solution File, Format Version 12.00
# Visual Studio Version 17
VisualStudioVersion = 17.14.36429.23
MinimumVisualStudioVersion = 10.0.40219.1
Project("{FAE04EC0-301F-11D3-BF4B-00C04F79EFBC}") = "TTNT_GUI", "TTNT_GUI\TTNT_GUI.csproj", "{D6A18BF9-FED0-4205-9BEF-DA750B213580}"
EndProject
Project("{FAE04EC0-301F-11D3-BF4B-00C04F79EFBC}") = "TTNT_BUS", "TTNT_BUS\TTNT_BUS.csproj", "{43B2B3D7-226D-46B7-BCA4-B80FF9ACFD4C}"
EndProject
Project("{FAE04EC0-301F-11D3-BF4B-00C04F79EFBC}") = "TTNT_DAL", "TTNT_DAL\TTNT_DAL.csproj", "{87334801-494B-4A2F-9A2E-0F395A66E314}"
EndProject
Global
	GlobalSection(SolutionConfigurationPlatforms) = preSolution
		Debug|Any CPU = Debug|Any CPU
		Release|Any CPU = Release|Any CPU
	EndGlobalSection
	GlobalSection(ProjectConfigurationPlatforms) = postSolution
		{D6A18BF9-FED0-4205-9BEF-DA750B213580}.Debug|Any CPU.ActiveCfg = Debug|Any CPU
		{D6A18BF9-FED0-4205-9BEF-DA750B213580}.Debug|Any CPU.Build.0 = Debug|Any CPU
		{D6A18BF9-FED0-4205-9BEF-DA750B213580}.Release|Any CPU.ActiveCfg = Release|Any CPU
		{D6A18BF9-FED0-4205-9BEF-DA750B213580}.Release|Any CPU.Build.0 = Release|Any CPU
		{43B2B3D7-226D-46B7-BCA4-B80FF9ACFD4C}.Debug|Any CPU.ActiveCfg = Debug|Any CPU
		{43B2B3D7-226D-46B7-BCA4-B80FF9ACFD4C}.Debug|Any CPU.Build.0 = Debug|Any CPU
		{43B2B3D7-226D-46B7-BCA4-B80FF9ACFD4C}.Release|Any CPU.ActiveCfg = Release|Any CPU
		{43B2B3D7-226D-46B7-BCA4-B80FF9ACFD4C}.Release|Any CPU.Build.0 = Release|Any CPU
		{87334801-494B-4A2F-9A2E-0F395A66E314}.Debug|Any CPU.ActiveCfg = Debug|Any CPU
		{87334801-494B-4A2F-9A2E-0F395A66E314}.Debug|Any CPU.Build.0 = Debug|Any CPU
		{87334801-494B-4A2F-9A2E-0F395A66E314}.Release|Any CPU.ActiveCfg = Release|Any CPU
		{87334801-494B-4A2F-9A2E-0F395A66E314}.Release|Any CPU.Build.0 = Release|Any CPU
	EndGlobalSection
	GlobalSection(SolutionProperties) = preSolution
		HideSolutionNode = FALSE
	EndGlobalSection
	GlobalSection(ExtensibilityGlobals) = postSolution
		SolutionGuid = {827A0257-9072-4F8C-9A9F-6831187C7BD6}
	EndGlobalSection
EndGlobal
